
Microsoft Visual Studio Solution File, Format Version 12.00
# Visual Studio Version 16
VisualStudioVersion = 16.0.29025.244
MinimumVisualStudioVersion = 10.0.40219.1
Project("{FAE04EC0-301F-11D3-BF4B-00C04F79EFBC}") = "OPCFoundation_BVTVclient", "OPCFoundation_BVTVclient\OPCFoundation_BVTVclient.csproj", "{5BB704C7-804A-4865-8D10-EC0F5CBCE2E5}"
EndProject
Global
	GlobalSection(SolutionConfigurationPlatforms) = preSolution
		Debug|Any CPU = Debug|Any CPU
		Release|Any CPU = Release|Any CPU
	EndGlobalSection
	GlobalSection(ProjectConfigurationPlatforms) = postSolution
		{5BB704C7-804A-4865-8D10-EC0F5CBCE2E5}.Debug|Any CPU.ActiveCfg = Debug|Any CPU
		{5BB704C7-804A-4865-8D10-EC0F5CBCE2E5}.Debug|Any CPU.Build.0 = Debug|Any CPU
		{5BB704C7-804A-4865-8D10-EC0F5CBCE2E5}.Release|Any CPU.ActiveCfg = Release|Any CPU
		{5BB704C7-804A-4865-8D10-EC0F5CBCE2E5}.Release|Any CPU.Build.0 = Release|Any CPU
	EndGlobalSection
	GlobalSection(SolutionProperties) = preSolution
		HideSolutionNode = FALSE
	EndGlobalSection
	GlobalSection(ExtensibilityGlobals) = postSolution
		SolutionGuid = {06887108-95DE-4369-8078-5F5F371003C7}
	EndGlobalSection
EndGlobal
